
Microsoft Visual Studio Solution File, Format Version 12.00
# Visual Studio Version 17
VisualStudioVersion = 17.9.34728.123
MinimumVisualStudioVersion = 10.0.40219.1
Project("{8BC9CEB8-8B4A-11D0-8D11-00A0C91BC942}") = "List", "List\List.vcxproj", "{797648E4-A594-49B6-80BE-3B1C70E86753}"
EndProject
Global
	GlobalSection(SolutionConfigurationPlatforms) = preSolution
		Debug|x64 = Debug|x64
		Debug|x86 = Debug|x86
		Release|x64 = Release|x64
		Release|x86 = Release|x86
	EndGlobalSection
	GlobalSection(ProjectConfigurationPlatforms) = postSolution
		{797648E4-A594-49B6-80BE-3B1C70E86753}.Debug|x64.ActiveCfg = Debug|x64
		{797648E4-A594-49B6-80BE-3B1C70E86753}.Debug|x64.Build.0 = Debug|x64
		{797648E4-A594-49B6-80BE-3B1C70E86753}.Debug|x86.ActiveCfg = Debug|Win32
		{797648E4-A594-49B6-80BE-3B1C70E86753}.Debug|x86.Build.0 = Debug|Win32
		{797648E4-A594-49B6-80BE-3B1C70E86753}.Release|x64.ActiveCfg = Release|x64
		{797648E4-A594-49B6-80BE-3B1C70E86753}.Release|x64.Build.0 = Release|x64
		{797648E4-A594-49B6-80BE-3B1C70E86753}.Release|x86.ActiveCfg = Release|Win32
		{797648E4-A594-49B6-80BE-3B1C70E86753}.Release|x86.Build.0 = Release|Win32
	EndGlobalSection
	GlobalSection(SolutionProperties) = preSolution
		HideSolutionNode = FALSE
	EndGlobalSection
	GlobalSection(ExtensibilityGlobals) = postSolution
		SolutionGuid = {0D92B9C8-FB1D-4198-82C6-D8C7EEB903A8}
	EndGlobalSection
EndGlobal
